
Microsoft Visual Studio Solution File, Format Version 12.00
# Visual Studio Version 17
VisualStudioVersion = 17.2.32630.192
MinimumVisualStudioVersion = 10.0.40219.1
Project("{9A19103F-16F7-4668-BE54-9A1E7A4F7556}") = "ExpenseTracker.Bot", "ExpenseTracker.Bot\ExpenseTracker.Bot.csproj", "{67093FC1-4C6A-4119-AEFE-04EFA83D2090}"
EndProject
Project("{9A19103F-16F7-4668-BE54-9A1E7A4F7556}") = "ExpensesData", "ExpensesData\ExpensesData.csproj", "{A67B42D4-CA9F-4CFC-846C-934018D25F9C}"
EndProject
Global
	GlobalSection(SolutionConfigurationPlatforms) = preSolution
		Debug|Any CPU = Debug|Any CPU
		Release|Any CPU = Release|Any CPU
	EndGlobalSection
	GlobalSection(ProjectConfigurationPlatforms) = postSolution
		{67093FC1-4C6A-4119-AEFE-04EFA83D2090}.Debug|Any CPU.ActiveCfg = Debug|Any CPU
		{67093FC1-4C6A-4119-AEFE-04EFA83D2090}.Debug|Any CPU.Build.0 = Debug|Any CPU
		{67093FC1-4C6A-4119-AEFE-04EFA83D2090}.Release|Any CPU.ActiveCfg = Release|Any CPU
		{67093FC1-4C6A-4119-AEFE-04EFA83D2090}.Release|Any CPU.Build.0 = Release|Any CPU
		{A67B42D4-CA9F-4CFC-846C-934018D25F9C}.Debug|Any CPU.ActiveCfg = Debug|Any CPU
		{A67B42D4-CA9F-4CFC-846C-934018D25F9C}.Debug|Any CPU.Build.0 = Debug|Any CPU
		{A67B42D4-CA9F-4CFC-846C-934018D25F9C}.Release|Any CPU.ActiveCfg = Release|Any CPU
		{A67B42D4-CA9F-4CFC-846C-934018D25F9C}.Release|Any CPU.Build.0 = Release|Any CPU
	EndGlobalSection
	GlobalSection(SolutionProperties) = preSolution
		HideSolutionNode = FALSE
	EndGlobalSection
	GlobalSection(ExtensibilityGlobals) = postSolution
		SolutionGuid = {347FF72E-3185-45AE-B482-A889D7456BFC}
	EndGlobalSection
EndGlobal
